# This file is automatically @generated by Cargo.
# It is not intended for manual editing.
version = 4

[[package]]
name = "chipi-build"
version = "0.9.0"
source = "registry+https://github.com/rust-lang/crates.io-index"
checksum = "bc93ee723a2e1024de5fdcb59d2dfac6e06edf9a9ad7a3941920d5d9296b8fdc"
dependencies = [
 "chipi-core",
]

[[package]]
name = "chipi-core"
version = "0.9.0"
source = "registry+https://github.com/rust-lang/crates.io-index"
checksum = "7c334634fcf9d942efa6f676b81d3dbf14c0bcf94fede78738d02a09eb3cc30a"

[[package]]
name = "chipi-gekko"
version = "0.2.0"
dependencies = [
 "chipi-build",
]
